
Microsoft Visual Studio Solution File, Format Version 12.00
# Visual Studio Version 17
VisualStudioVersion = 17.11.35327.3
MinimumVisualStudioVersion = 10.0.40219.1
Project("{FAE04EC0-301F-11D3-BF4B-00C04F79EFBC}") = "BlazorApp1", "BlazorApp1\BlazorApp1.csproj", "{BCBB902C-251F-415C-9AFB-11C342B4DFA3}"
EndProject
Project("{FAE04EC0-301F-11D3-BF4B-00C04F79EFBC}") = "BlazorApp2", "BlazorApp2\BlazorApp2.csproj", "{FB415885-3A82-4FA4-B6A8-24350C714948}"
EndProject
Project("{FAE04EC0-301F-11D3-BF4B-00C04F79EFBC}") = "SyncfusionBlazorApp1", "SyncfusionBlazorApp1\SyncfusionBlazorApp1.csproj", "{8911EAEB-C507-4317-8860-2C0E9F35EEBD}"
EndProject
Global
	GlobalSection(SolutionConfigurationPlatforms) = preSolution
		Debug|Any CPU = Debug|Any CPU
		Release|Any CPU = Release|Any CPU
	EndGlobalSection
	GlobalSection(ProjectConfigurationPlatforms) = postSolution
		{BCBB902C-251F-415C-9AFB-11C342B4DFA3}.Debug|Any CPU.ActiveCfg = Debug|Any CPU
		{BCBB902C-251F-415C-9AFB-11C342B4DFA3}.Debug|Any CPU.Build.0 = Debug|Any CPU
		{BCBB902C-251F-415C-9AFB-11C342B4DFA3}.Release|Any CPU.ActiveCfg = Release|Any CPU
		{BCBB902C-251F-415C-9AFB-11C342B4DFA3}.Release|Any CPU.Build.0 = Release|Any CPU
		{FB415885-3A82-4FA4-B6A8-24350C714948}.Debug|Any CPU.ActiveCfg = Debug|Any CPU
		{FB415885-3A82-4FA4-B6A8-24350C714948}.Debug|Any CPU.Build.0 = Debug|Any CPU
		{FB415885-3A82-4FA4-B6A8-24350C714948}.Release|Any CPU.ActiveCfg = Release|Any CPU
		{FB415885-3A82-4FA4-B6A8-24350C714948}.Release|Any CPU.Build.0 = Release|Any CPU
		{8911EAEB-C507-4317-8860-2C0E9F35EEBD}.Debug|Any CPU.ActiveCfg = Debug|Any CPU
		{8911EAEB-C507-4317-8860-2C0E9F35EEBD}.Debug|Any CPU.Build.0 = Debug|Any CPU
		{8911EAEB-C507-4317-8860-2C0E9F35EEBD}.Release|Any CPU.ActiveCfg = Release|Any CPU
		{8911EAEB-C507-4317-8860-2C0E9F35EEBD}.Release|Any CPU.Build.0 = Release|Any CPU
	EndGlobalSection
	GlobalSection(SolutionProperties) = preSolution
		HideSolutionNode = FALSE
	EndGlobalSection
	GlobalSection(ExtensibilityGlobals) = postSolution
		SolutionGuid = {5F6BDFC9-BF70-47C7-9E2B-1C290DFAF340}
	EndGlobalSection
EndGlobal
