
Microsoft Visual Studio Solution File, Format Version 12.00
# Visual Studio Version 17
VisualStudioVersion = 17.11.35327.3
MinimumVisualStudioVersion = 10.0.40219.1
Project("{FAE04EC0-301F-11D3-BF4B-00C04F79EFBC}") = "BlazorApp1", "BlazorApp1\BlazorApp1.csproj", "{02911298-0B7C-4FBD-AD4A-8E2C4CB748F0}"
EndProject
Project("{FAE04EC0-301F-11D3-BF4B-00C04F79EFBC}") = "SyncfusionBlazorApp1", "SyncfusionBlazorApp1\SyncfusionBlazorApp1.csproj", "{21B2220B-44F4-4259-97C7-4EADA3E10818}"
EndProject
Project("{FAE04EC0-301F-11D3-BF4B-00C04F79EFBC}") = "SyncfusionBlazorApp2", "SyncfusionBlazorApp2\SyncfusionBlazorApp2.csproj", "{995D7BA0-2B41-45C8-8F64-0A1CBA780F2A}"
EndProject
Project("{FAE04EC0-301F-11D3-BF4B-00C04F79EFBC}") = "SyncfusionBlazorApp3", "SyncfusionBlazorApp3\SyncfusionBlazorApp3.csproj", "{9F7D43F8-7F49-42C8-9396-352A1A006174}"
EndProject
Project("{FAE04EC0-301F-11D3-BF4B-00C04F79EFBC}") = "SyncfusionBlazorApp4", "SyncfusionBlazorApp4\SyncfusionBlazorApp4.csproj", "{104F5485-D422-4E05-806E-741AF8BD8E2E}"
EndProject
Global
	GlobalSection(SolutionConfigurationPlatforms) = preSolution
		Debug|Any CPU = Debug|Any CPU
		Release|Any CPU = Release|Any CPU
	EndGlobalSection
	GlobalSection(ProjectConfigurationPlatforms) = postSolution
		{02911298-0B7C-4FBD-AD4A-8E2C4CB748F0}.Debug|Any CPU.ActiveCfg = Debug|Any CPU
		{02911298-0B7C-4FBD-AD4A-8E2C4CB748F0}.Debug|Any CPU.Build.0 = Debug|Any CPU
		{02911298-0B7C-4FBD-AD4A-8E2C4CB748F0}.Release|Any CPU.ActiveCfg = Release|Any CPU
		{02911298-0B7C-4FBD-AD4A-8E2C4CB748F0}.Release|Any CPU.Build.0 = Release|Any CPU
		{21B2220B-44F4-4259-97C7-4EADA3E10818}.Debug|Any CPU.ActiveCfg = Debug|Any CPU
		{21B2220B-44F4-4259-97C7-4EADA3E10818}.Debug|Any CPU.Build.0 = Debug|Any CPU
		{21B2220B-44F4-4259-97C7-4EADA3E10818}.Release|Any CPU.ActiveCfg = Release|Any CPU
		{21B2220B-44F4-4259-97C7-4EADA3E10818}.Release|Any CPU.Build.0 = Release|Any CPU
		{995D7BA0-2B41-45C8-8F64-0A1CBA780F2A}.Debug|Any CPU.ActiveCfg = Debug|Any CPU
		{995D7BA0-2B41-45C8-8F64-0A1CBA780F2A}.Debug|Any CPU.Build.0 = Debug|Any CPU
		{995D7BA0-2B41-45C8-8F64-0A1CBA780F2A}.Release|Any CPU.ActiveCfg = Release|Any CPU
		{995D7BA0-2B41-45C8-8F64-0A1CBA780F2A}.Release|Any CPU.Build.0 = Release|Any CPU
		{9F7D43F8-7F49-42C8-9396-352A1A006174}.Debug|Any CPU.ActiveCfg = Debug|Any CPU
		{9F7D43F8-7F49-42C8-9396-352A1A006174}.Debug|Any CPU.Build.0 = Debug|Any CPU
		{9F7D43F8-7F49-42C8-9396-352A1A006174}.Release|Any CPU.ActiveCfg = Release|Any CPU
		{9F7D43F8-7F49-42C8-9396-352A1A006174}.Release|Any CPU.Build.0 = Release|Any CPU
		{104F5485-D422-4E05-806E-741AF8BD8E2E}.Debug|Any CPU.ActiveCfg = Debug|Any CPU
		{104F5485-D422-4E05-806E-741AF8BD8E2E}.Debug|Any CPU.Build.0 = Debug|Any CPU
		{104F5485-D422-4E05-806E-741AF8BD8E2E}.Release|Any CPU.ActiveCfg = Release|Any CPU
		{104F5485-D422-4E05-806E-741AF8BD8E2E}.Release|Any CPU.Build.0 = Release|Any CPU
	EndGlobalSection
	GlobalSection(SolutionProperties) = preSolution
		HideSolutionNode = FALSE
	EndGlobalSection
	GlobalSection(ExtensibilityGlobals) = postSolution
		SolutionGuid = {5F6BDFC9-BF70-47C7-9E2B-1C290DFAF340}
	EndGlobalSection
EndGlobal
